
Microsoft Visual Studio Solution File, Format Version 12.00
# Visual Studio Version 16
VisualStudioVersion = 16.0.30011.22
MinimumVisualStudioVersion = 10.0.40219.1
Project("{FAE04EC0-301F-11D3-BF4B-00C04F79EFBC}") = "Xadrez", "Xadrez\Xadrez.csproj", "{9C8F8223-F7C8-4F9D-A4F1-3AA7E7041D03}"
EndProject
Global
	GlobalSection(SolutionConfigurationPlatforms) = preSolution
		Debug|Any CPU = Debug|Any CPU
		Release|Any CPU = Release|Any CPU
	EndGlobalSection
	GlobalSection(ProjectConfigurationPlatforms) = postSolution
		{9C8F8223-F7C8-4F9D-A4F1-3AA7E7041D03}.Debug|Any CPU.ActiveCfg = Debug|Any CPU
		{9C8F8223-F7C8-4F9D-A4F1-3AA7E7041D03}.Debug|Any CPU.Build.0 = Debug|Any CPU
		{9C8F8223-F7C8-4F9D-A4F1-3AA7E7041D03}.Release|Any CPU.ActiveCfg = Release|Any CPU
		{9C8F8223-F7C8-4F9D-A4F1-3AA7E7041D03}.Release|Any CPU.Build.0 = Release|Any CPU
	EndGlobalSection
	GlobalSection(SolutionProperties) = preSolution
		HideSolutionNode = FALSE
	EndGlobalSection
	GlobalSection(ExtensibilityGlobals) = postSolution
		SolutionGuid = {979D2677-9608-40F1-99F0-9302DB33A0BB}
	EndGlobalSection
EndGlobal
